
Microsoft Visual Studio Solution File, Format Version 12.00
# Visual Studio Version 16
VisualStudioVersion = 16.0.30611.23
MinimumVisualStudioVersion = 10.0.40219.1
Project("{FAE04EC0-301F-11D3-BF4B-00C04F79EFBC}") = "GUI_QLBH", "QLBH\GUI_QLBH.csproj", "{4012A87A-9E82-42A2-B59F-2D7EDDD7CA8A}"
EndProject
Project("{FAE04EC0-301F-11D3-BF4B-00C04F79EFBC}") = "DTO_QLBH", "DTO_QLBH\DTO_QLBH.csproj", "{4774F106-AAEC-4911-A371-EC0487F58BE7}"
EndProject
Project("{FAE04EC0-301F-11D3-BF4B-00C04F79EFBC}") = "DAL_QLBH", "DAL_QLBH\DAL_QLBH.csproj", "{BB4D7C91-382A-4F0D-BBBC-B4838012D6D7}"
EndProject
Project("{FAE04EC0-301F-11D3-BF4B-00C04F79EFBC}") = "BUS_QLBH", "BUS_QLBH\BUS_QLBH.csproj", "{D63EFF07-A309-4DD5-882C-DE7CA5066F02}"
EndProject
Global
	GlobalSection(SolutionConfigurationPlatforms) = preSolution
		All|Any CPU = All|Any CPU
		Debug|Any CPU = Debug|Any CPU
		Release|Any CPU = Release|Any CPU
	EndGlobalSection
	GlobalSection(ProjectConfigurationPlatforms) = postSolution
		{4012A87A-9E82-42A2-B59F-2D7EDDD7CA8A}.All|Any CPU.ActiveCfg = Release|Any CPU
		{4012A87A-9E82-42A2-B59F-2D7EDDD7CA8A}.All|Any CPU.Build.0 = Release|Any CPU
		{4012A87A-9E82-42A2-B59F-2D7EDDD7CA8A}.Debug|Any CPU.ActiveCfg = Debug|Any CPU
		{4012A87A-9E82-42A2-B59F-2D7EDDD7CA8A}.Debug|Any CPU.Build.0 = Debug|Any CPU
		{4012A87A-9E82-42A2-B59F-2D7EDDD7CA8A}.Release|Any CPU.ActiveCfg = Release|Any CPU
		{4012A87A-9E82-42A2-B59F-2D7EDDD7CA8A}.Release|Any CPU.Build.0 = Release|Any CPU
		{4774F106-AAEC-4911-A371-EC0487F58BE7}.All|Any CPU.ActiveCfg = Release|Any CPU
		{4774F106-AAEC-4911-A371-EC0487F58BE7}.All|Any CPU.Build.0 = Release|Any CPU
		{4774F106-AAEC-4911-A371-EC0487F58BE7}.Debug|Any CPU.ActiveCfg = Debug|Any CPU
		{4774F106-AAEC-4911-A371-EC0487F58BE7}.Debug|Any CPU.Build.0 = Debug|Any CPU
		{4774F106-AAEC-4911-A371-EC0487F58BE7}.Release|Any CPU.ActiveCfg = Release|Any CPU
		{4774F106-AAEC-4911-A371-EC0487F58BE7}.Release|Any CPU.Build.0 = Release|Any CPU
		{BB4D7C91-382A-4F0D-BBBC-B4838012D6D7}.All|Any CPU.ActiveCfg = Release|Any CPU
		{BB4D7C91-382A-4F0D-BBBC-B4838012D6D7}.All|Any CPU.Build.0 = Release|Any CPU
		{BB4D7C91-382A-4F0D-BBBC-B4838012D6D7}.Debug|Any CPU.ActiveCfg = Debug|Any CPU
		{BB4D7C91-382A-4F0D-BBBC-B4838012D6D7}.Debug|Any CPU.Build.0 = Debug|Any CPU
		{BB4D7C91-382A-4F0D-BBBC-B4838012D6D7}.Release|Any CPU.ActiveCfg = Release|Any CPU
		{BB4D7C91-382A-4F0D-BBBC-B4838012D6D7}.Release|Any CPU.Build.0 = Release|Any CPU
		{D63EFF07-A309-4DD5-882C-DE7CA5066F02}.All|Any CPU.ActiveCfg = Release|Any CPU
		{D63EFF07-A309-4DD5-882C-DE7CA5066F02}.All|Any CPU.Build.0 = Release|Any CPU
		{D63EFF07-A309-4DD5-882C-DE7CA5066F02}.Debug|Any CPU.ActiveCfg = Debug|Any CPU
		{D63EFF07-A309-4DD5-882C-DE7CA5066F02}.Debug|Any CPU.Build.0 = Debug|Any CPU
		{D63EFF07-A309-4DD5-882C-DE7CA5066F02}.Release|Any CPU.ActiveCfg = Release|Any CPU
		{D63EFF07-A309-4DD5-882C-DE7CA5066F02}.Release|Any CPU.Build.0 = Release|Any CPU
	EndGlobalSection
	GlobalSection(SolutionProperties) = preSolution
		HideSolutionNode = FALSE
	EndGlobalSection
	GlobalSection(ExtensibilityGlobals) = postSolution
		SolutionGuid = {E1A73FCC-D2A7-49B0-8EB5-68275BE80D4E}
	EndGlobalSection
EndGlobal
